{
  "requires": true,
  "lockfileVersion": 1,
  "dependencies": {
    "lua-types": {
      "version": "2.5.2",
      "resolved": "https://registry.npmjs.org/lua-types/-/lua-types-2.5.2.tgz",
      "integrity": "sha512-JaVECSBG5z/BheVJOsPxEmrVDvTEnnuOlZuDHuktEWVq6+0xxq1rR3W7fJP+tKfXYtVjsZxMZhHSTd/vesP6Qw==",
      "dev": true
    },
    "source-map": {
      "version": "0.7.3",
      "resolved": "https://registry.npmjs.org/source-map/-/source-map-0.7.3.tgz",
      "integrity": "sha512-CkCj6giN3S+n9qrYiBTX5gystlENnRW5jZeNLHpe6aue+SrHcG5VYwujhW9s4dY31mEGsxBDrHR6oI69fTXsaQ==",
      "dev": true
    },
    "typescript": {
      "version": "3.5.3",
      "resolved": "https://registry.npmjs.org/typescript/-/typescript-3.5.3.tgz",
      "integrity": "sha512-ACzBtm/PhXBDId6a6sDJfroT2pOWt/oOnk4/dElG5G33ZL776N3Y6/6bKZJBFpd+b05F3Ct9qDjMeJmRWtE2/g==",
      "dev": true
    },
    "typescript-to-lua": {
      "version": "0.21.1",
      "resolved": "https://registry.npmjs.org/typescript-to-lua/-/typescript-to-lua-0.21.1.tgz",
      "integrity": "sha512-CvqkEmPYhOIl6q2FibV2QYdadM2CPyO/QIY4BEdSkiyhgSYMqWReRk9rrUMwD2P5dg7MX/VAZw9kIwjF4/pn9g==",
      "dev": true,
      "requires": {
        "source-map": "^0.7.3",
        "typescript": "^3.4.5"
      }
    }
  }
}
